
Microsoft Visual Studio Solution File, Format Version 12.00
# Visual Studio Version 17
VisualStudioVersion = 17.0.32002.185
MinimumVisualStudioVersion = 10.0.40219.1
Project("{FAE04EC0-301F-11D3-BF4B-00C04F79EFBC}") = "HomeTaskRelation", "HomeTaskRelation\HomeTaskRelation.csproj", "{3B26CC0D-4D17-48A1-8A54-70E067E31E5B}"
EndProject
Global
	GlobalSection(SolutionConfigurationPlatforms) = preSolution
		Debug|Any CPU = Debug|Any CPU
		Release|Any CPU = Release|Any CPU
	EndGlobalSection
	GlobalSection(ProjectConfigurationPlatforms) = postSolution
		{3B26CC0D-4D17-48A1-8A54-70E067E31E5B}.Debug|Any CPU.ActiveCfg = Debug|Any CPU
		{3B26CC0D-4D17-48A1-8A54-70E067E31E5B}.Debug|Any CPU.Build.0 = Debug|Any CPU
		{3B26CC0D-4D17-48A1-8A54-70E067E31E5B}.Release|Any CPU.ActiveCfg = Release|Any CPU
		{3B26CC0D-4D17-48A1-8A54-70E067E31E5B}.Release|Any CPU.Build.0 = Release|Any CPU
	EndGlobalSection
	GlobalSection(SolutionProperties) = preSolution
		HideSolutionNode = FALSE
	EndGlobalSection
	GlobalSection(ExtensibilityGlobals) = postSolution
		SolutionGuid = {94F7ADD4-371F-419B-8487-6962CEE1AB8E}
	EndGlobalSection
EndGlobal
